
Microsoft Visual Studio Solution File, Format Version 12.00
# Visual Studio Version 17
VisualStudioVersion = 17.2.32505.173
MinimumVisualStudioVersion = 10.0.40219.1
Project("{FAE04EC0-301F-11D3-BF4B-00C04F79EFBC}") = "213020DigitsOfAnIntegerInWords", "213020DigitsOfAnIntegerInWords\213020DigitsOfAnIntegerInWords.csproj", "{C3FFE143-8F37-4C66-BB1A-EAF89984F94D}"
EndProject
Global
	GlobalSection(SolutionConfigurationPlatforms) = preSolution
		Debug|Any CPU = Debug|Any CPU
		Release|Any CPU = Release|Any CPU
	EndGlobalSection
	GlobalSection(ProjectConfigurationPlatforms) = postSolution
		{C3FFE143-8F37-4C66-BB1A-EAF89984F94D}.Debug|Any CPU.ActiveCfg = Debug|Any CPU
		{C3FFE143-8F37-4C66-BB1A-EAF89984F94D}.Debug|Any CPU.Build.0 = Debug|Any CPU
		{C3FFE143-8F37-4C66-BB1A-EAF89984F94D}.Release|Any CPU.ActiveCfg = Release|Any CPU
		{C3FFE143-8F37-4C66-BB1A-EAF89984F94D}.Release|Any CPU.Build.0 = Release|Any CPU
	EndGlobalSection
	GlobalSection(SolutionProperties) = preSolution
		HideSolutionNode = FALSE
	EndGlobalSection
	GlobalSection(ExtensibilityGlobals) = postSolution
		SolutionGuid = {2DEEBAD5-CA70-4334-B21A-BDECEAE7634C}
	EndGlobalSection
EndGlobal
