
Microsoft Visual Studio Solution File, Format Version 12.00
# Visual Studio Version 17
VisualStudioVersion = 17.2.32505.173
MinimumVisualStudioVersion = 10.0.40219.1
Project("{FAE04EC0-301F-11D3-BF4B-00C04F79EFBC}") = "213020BinaryOperatorOverloading", "213020BinaryOperatorOverloading\213020BinaryOperatorOverloading.csproj", "{FE442CAA-7BB6-462C-895F-7C64ABABA694}"
EndProject
Global
	GlobalSection(SolutionConfigurationPlatforms) = preSolution
		Debug|Any CPU = Debug|Any CPU
		Release|Any CPU = Release|Any CPU
	EndGlobalSection
	GlobalSection(ProjectConfigurationPlatforms) = postSolution
		{FE442CAA-7BB6-462C-895F-7C64ABABA694}.Debug|Any CPU.ActiveCfg = Debug|Any CPU
		{FE442CAA-7BB6-462C-895F-7C64ABABA694}.Debug|Any CPU.Build.0 = Debug|Any CPU
		{FE442CAA-7BB6-462C-895F-7C64ABABA694}.Release|Any CPU.ActiveCfg = Release|Any CPU
		{FE442CAA-7BB6-462C-895F-7C64ABABA694}.Release|Any CPU.Build.0 = Release|Any CPU
	EndGlobalSection
	GlobalSection(SolutionProperties) = preSolution
		HideSolutionNode = FALSE
	EndGlobalSection
	GlobalSection(ExtensibilityGlobals) = postSolution
		SolutionGuid = {F7C9E2B4-A659-489C-82C7-1B917B90A805}
	EndGlobalSection
EndGlobal
