
Microsoft Visual Studio Solution File, Format Version 12.00
# Visual Studio Version 17
VisualStudioVersion = 17.2.32505.173
MinimumVisualStudioVersion = 10.0.40219.1
Project("{FAE04EC0-301F-11D3-BF4B-00C04F79EFBC}") = "213020MagnitudeOfANumber", "213020MagnitudeOfANumber\213020MagnitudeOfANumber.csproj", "{F309C1CD-8B25-42EB-906C-C36E7E20B986}"
EndProject
Global
	GlobalSection(SolutionConfigurationPlatforms) = preSolution
		Debug|Any CPU = Debug|Any CPU
		Release|Any CPU = Release|Any CPU
	EndGlobalSection
	GlobalSection(ProjectConfigurationPlatforms) = postSolution
		{F309C1CD-8B25-42EB-906C-C36E7E20B986}.Debug|Any CPU.ActiveCfg = Debug|Any CPU
		{F309C1CD-8B25-42EB-906C-C36E7E20B986}.Debug|Any CPU.Build.0 = Debug|Any CPU
		{F309C1CD-8B25-42EB-906C-C36E7E20B986}.Release|Any CPU.ActiveCfg = Release|Any CPU
		{F309C1CD-8B25-42EB-906C-C36E7E20B986}.Release|Any CPU.Build.0 = Release|Any CPU
	EndGlobalSection
	GlobalSection(SolutionProperties) = preSolution
		HideSolutionNode = FALSE
	EndGlobalSection
	GlobalSection(ExtensibilityGlobals) = postSolution
		SolutionGuid = {A19C61FD-6A40-46AE-94DC-0AD126DA008B}
	EndGlobalSection
EndGlobal
