
Microsoft Visual Studio Solution File, Format Version 12.00
# Visual Studio Version 17
VisualStudioVersion = 17.2.32505.173
MinimumVisualStudioVersion = 10.0.40219.1
Project("{FAE04EC0-301F-11D3-BF4B-00C04F79EFBC}") = "213020UnaryOperatorOverloading", "213020UnaryOperatorOverloading\213020UnaryOperatorOverloading.csproj", "{C294331F-C988-49A4-BD06-DA2436452FA6}"
EndProject
Global
	GlobalSection(SolutionConfigurationPlatforms) = preSolution
		Debug|Any CPU = Debug|Any CPU
		Release|Any CPU = Release|Any CPU
	EndGlobalSection
	GlobalSection(ProjectConfigurationPlatforms) = postSolution
		{C294331F-C988-49A4-BD06-DA2436452FA6}.Debug|Any CPU.ActiveCfg = Debug|Any CPU
		{C294331F-C988-49A4-BD06-DA2436452FA6}.Debug|Any CPU.Build.0 = Debug|Any CPU
		{C294331F-C988-49A4-BD06-DA2436452FA6}.Release|Any CPU.ActiveCfg = Release|Any CPU
		{C294331F-C988-49A4-BD06-DA2436452FA6}.Release|Any CPU.Build.0 = Release|Any CPU
	EndGlobalSection
	GlobalSection(SolutionProperties) = preSolution
		HideSolutionNode = FALSE
	EndGlobalSection
	GlobalSection(ExtensibilityGlobals) = postSolution
		SolutionGuid = {64957CEA-846F-4334-BC56-28420CBF813C}
	EndGlobalSection
EndGlobal
