
Microsoft Visual Studio Solution File, Format Version 12.00
# Visual Studio Version 17
VisualStudioVersion = 17.2.32505.173
MinimumVisualStudioVersion = 10.0.40219.1
Project("{FAE04EC0-301F-11D3-BF4B-00C04F79EFBC}") = "213020DefaultConstructors", "213020DefaultConstructors\213020DefaultConstructors.csproj", "{48E9AEEA-F099-472C-8BB6-F503B184C891}"
EndProject
Global
	GlobalSection(SolutionConfigurationPlatforms) = preSolution
		Debug|Any CPU = Debug|Any CPU
		Release|Any CPU = Release|Any CPU
	EndGlobalSection
	GlobalSection(ProjectConfigurationPlatforms) = postSolution
		{48E9AEEA-F099-472C-8BB6-F503B184C891}.Debug|Any CPU.ActiveCfg = Debug|Any CPU
		{48E9AEEA-F099-472C-8BB6-F503B184C891}.Debug|Any CPU.Build.0 = Debug|Any CPU
		{48E9AEEA-F099-472C-8BB6-F503B184C891}.Release|Any CPU.ActiveCfg = Release|Any CPU
		{48E9AEEA-F099-472C-8BB6-F503B184C891}.Release|Any CPU.Build.0 = Release|Any CPU
	EndGlobalSection
	GlobalSection(SolutionProperties) = preSolution
		HideSolutionNode = FALSE
	EndGlobalSection
	GlobalSection(ExtensibilityGlobals) = postSolution
		SolutionGuid = {90219103-AA4D-4EE3-B387-90FE7FB69BE0}
	EndGlobalSection
EndGlobal
